
Microsoft Visual Studio Solution File, Format Version 12.00
Project("{FAE04EC0-301F-11D3-BF4B-00C04F79EFBC}") = "Dockermaster", "Dockermaster\Dockermaster.csproj", "{AE39D702-1A5E-4C76-B78E-B023CD163116}"
EndProject
Global
	GlobalSection(SolutionConfigurationPlatforms) = preSolution
		Debug|Any CPU = Debug|Any CPU
		Release|Any CPU = Release|Any CPU
	EndGlobalSection
	GlobalSection(ProjectConfigurationPlatforms) = postSolution
		{AE39D702-1A5E-4C76-B78E-B023CD163116}.Debug|Any CPU.ActiveCfg = Debug|Any CPU
		{AE39D702-1A5E-4C76-B78E-B023CD163116}.Debug|Any CPU.Build.0 = Debug|Any CPU
		{AE39D702-1A5E-4C76-B78E-B023CD163116}.Release|Any CPU.ActiveCfg = Release|Any CPU
		{AE39D702-1A5E-4C76-B78E-B023CD163116}.Release|Any CPU.Build.0 = Release|Any CPU
	EndGlobalSection
EndGlobal
